
Microsoft Visual Studio Solution File, Format Version 12.00
# Visual Studio Version 16
VisualStudioVersion = 16.0.30503.244
MinimumVisualStudioVersion = 10.0.40219.1
Project("{8BC9CEB8-8B4A-11D0-8D11-00A0C91BC942}") = "RandomizedHoughEllipseTransform", "RandomizedHoughEllipseTransform\RandomizedHoughEllipseTransform.vcxproj", "{7D25C806-518D-471B-A400-3CCE3E7B0020}"
EndProject
Global
	GlobalSection(SolutionConfigurationPlatforms) = preSolution
		Debug|x64 = Debug|x64
		Release|x64 = Release|x64
	EndGlobalSection
	GlobalSection(ProjectConfigurationPlatforms) = postSolution
		{7D25C806-518D-471B-A400-3CCE3E7B0020}.Debug|x64.ActiveCfg = Debug|x64
		{7D25C806-518D-471B-A400-3CCE3E7B0020}.Debug|x64.Build.0 = Debug|x64
		{7D25C806-518D-471B-A400-3CCE3E7B0020}.Release|x64.ActiveCfg = Release|x64
		{7D25C806-518D-471B-A400-3CCE3E7B0020}.Release|x64.Build.0 = Release|x64
	EndGlobalSection
	GlobalSection(SolutionProperties) = preSolution
		HideSolutionNode = FALSE
	EndGlobalSection
	GlobalSection(ExtensibilityGlobals) = postSolution
		SolutionGuid = {C031BFED-2FE3-4F33-9B44-92246326B072}
	EndGlobalSection
EndGlobal
